// !$*UTF8*$!
{
	archiveVersion = 1;
	classes = {
	};
	objectVersion = 56;
	objects = {

/* Begin PBXGroup section */
		C58F1A7E29DEE7FB0070882B = {
			isa = PBXGroup;
			children = (
			);
			sourceTree = "<group>";
		};
/* End PBXGroup section */

/* Begin PBXProject section */
		C58F1A7F29DEE7FB0070882B /* Project object */ = {
			isa = PBXProject;
			attributes = {
				BuildIndependentTargetsInParallel = 1;
				LastUpgradeCheck = 1420;
			};
			buildConfigurationList = C58F1A8229DEE7FB0070882B /* Build configuration list for PBXProject "4.SortingAlgorithms" */;
			compatibilityVersion = "Xcode 14.0";
			developmentRegion = en;
			hasScannedForEncodings = 0;
			knownRegions = (
				en,
				Base,
			);
			mainGroup = C58F1A7E29DEE7FB0070882B;
			projectDirPath = "";
			projectRoot = "";
			targets = (
			);
		};
/* End PBXProject section */

/* Begin XCBuildConfiguration section */
		C58F1A8329DEE7FB0070882B /* Debug */ = {
			isa = XCBuildConfiguration;
			buildSettings = {
			};
			name = Debug;
		};
		C58F1A8429DEE7FB0070882B /* Release */ = {
			isa = XCBuildConfiguration;
			buildSettings = {
			};
			name = Release;
		};
/* End XCBuildConfiguration section */

/* Begin XCConfigurationList section */
		C58F1A8229DEE7FB0070882B /* Build configuration list for PBXProject "4.SortingAlgorithms" */ = {
			isa = XCConfigurationList;
			buildConfigurations = (
				C58F1A8329DEE7FB0070882B /* Debug */,
				C58F1A8429DEE7FB0070882B /* Release */,
			);
			defaultConfigurationIsVisible = 0;
			defaultConfigurationName = Release;
		};
/* End XCConfigurationList section */
	};
	rootObject = C58F1A7F29DEE7FB0070882B /* Project object */;
}
