// !$*UTF8*$!
{
	archiveVersion = 1;
	classes = {
	};
	objectVersion = 56;
	objects = {

/* Begin PBXBuildFile section */
		C5027EDB29D957940041C2E2 /* 3.성적이 낮은 순서로 학생 출력하기.swift in Sources */ = {isa = PBXBuildFile; fileRef = C5027EDA29D957940041C2E2 /* 3.성적이 낮은 순서로 학생 출력하기.swift */; };
		C512F8152A0B8F4300E0E92E /* main.swift in Sources */ = {isa = PBXBuildFile; fileRef = C512F8142A0B8F4300E0E92E /* main.swift */; };
		C5149F8C29D5586200A95205 /* 예제.swift in Sources */ = {isa = PBXBuildFile; fileRef = C5149F8B29D5586200A95205 /* 예제.swift */; };
		C5149F8E29D5650300A95205 /* 2.왕실의 나이트.swift in Sources */ = {isa = PBXBuildFile; fileRef = C5149F8D29D5650300A95205 /* 2.왕실의 나이트.swift */; };
		C5149FB129D8281400A95205 /* 3.게임개발.swift in Sources */ = {isa = PBXBuildFile; fileRef = C5149FB029D8281400A95205 /* 3.게임개발.swift */; };
		C53A756C29E82206008FD24A /* 방번호(구현).swift in Sources */ = {isa = PBXBuildFile; fileRef = C53A756B29E82206008FD24A /* 방번호(구현).swift */; };
		C544AE1E29D85DCB00663190 /* 3.음료수 얼려먹기.swift in Sources */ = {isa = PBXBuildFile; fileRef = C544AE1D29D85DCB00663190 /* 3.음료수 얼려먹기.swift */; };
		C544AE2029D875A500663190 /* 4.미로탈출.swift in Sources */ = {isa = PBXBuildFile; fileRef = C544AE1F29D875A500663190 /* 4.미로탈출.swift */; };
		C544AE2329D92B2C00663190 /* 2.위에서 아래로.swift in Sources */ = {isa = PBXBuildFile; fileRef = C544AE2229D92B2C00663190 /* 2.위에서 아래로.swift */; };
		C58F1A7829DD778B0070882B /* 크루스칼 알고리즘.swift in Sources */ = {isa = PBXBuildFile; fileRef = C58F1A7729DD778B0070882B /* 크루스칼 알고리즘.swift */; };
		C58F1A7A29DD8B1C0070882B /* 위상정렬.swift in Sources */ = {isa = PBXBuildFile; fileRef = C58F1A7929DD8B1C0070882B /* 위상정렬.swift */; };
		C58F1A9329E1B8540070882B /* 3.개미 전사.swift in Sources */ = {isa = PBXBuildFile; fileRef = C58F1A9229E1B8540070882B /* 3.개미 전사.swift */; };
		C58F1A9529E1C0360070882B /* 4.바닥공사.swift in Sources */ = {isa = PBXBuildFile; fileRef = C58F1A9429E1C0360070882B /* 4.바닥공사.swift */; };
		C58F1A9729E400100070882B /* 5.효율적인 화폐 구성.swift in Sources */ = {isa = PBXBuildFile; fileRef = C58F1A9629E400100070882B /* 5.효율적인 화폐 구성.swift */; };
		C58F1A9E29E587330070882B /* 기출)문자열 뒤집기.swift in Sources */ = {isa = PBXBuildFile; fileRef = C58F1A9D29E587330070882B /* 기출)문자열 뒤집기.swift */; };
		C58F1AA329E6A8C90070882B /* 23.국영수.swift in Sources */ = {isa = PBXBuildFile; fileRef = C58F1AA229E6A8C90070882B /* 23.국영수.swift */; };
		C58F1AA529E6AECB0070882B /* 24.안테나.swift in Sources */ = {isa = PBXBuildFile; fileRef = C58F1AA429E6AECB0070882B /* 24.안테나.swift */; };
		C58F1AA929E6DDC80070882B /* 15. 특정 거리의 도시 찾기.swift in Sources */ = {isa = PBXBuildFile; fileRef = C58F1AA829E6DDC80070882B /* 15. 특정 거리의 도시 찾기.swift */; };
		C5AA8D6C29D96E5600B22329 /* 4.두 배열의 원소 교체.swift in Sources */ = {isa = PBXBuildFile; fileRef = C5AA8D6B29D96E5600B22329 /* 4.두 배열의 원소 교체.swift */; };
		C5AA8D9429D9DD9700B22329 /* 이진탐색예제.swift in Sources */ = {isa = PBXBuildFile; fileRef = C5AA8D9329D9DD9700B22329 /* 이진탐색예제.swift */; };
		C5AA8D9629DA8F6800B22329 /* 2.부품찾기.swift in Sources */ = {isa = PBXBuildFile; fileRef = C5AA8D9529DA8F6800B22329 /* 2.부품찾기.swift */; };
		C5C3DF0529DA94DB00E867BF /* 3.떡볶이 떡 만들기.swift in Sources */ = {isa = PBXBuildFile; fileRef = C5C3DF0429DA94DB00E867BF /* 3.떡볶이 떡 만들기.swift */; };
		C5C3DF0729DAA49600E867BF /* 3.떡볶이 떡 만들기(책).swift in Sources */ = {isa = PBXBuildFile; fileRef = C5C3DF0629DAA49600E867BF /* 3.떡볶이 떡 만들기(책).swift */; };
		C5C3DF0A29DAB99800E867BF /* 2.1로 만들기.swift in Sources */ = {isa = PBXBuildFile; fileRef = C5C3DF0929DAB99800E867BF /* 2.1로 만들기.swift */; };
		C5C3DF0C29DABB8000E867BF /* 간단한 다익스트라.swift in Sources */ = {isa = PBXBuildFile; fileRef = C5C3DF0B29DABB8000E867BF /* 간단한 다익스트라.swift */; };
		C5C3DF1429DD466E00E867BF /* 다익스트라.swift in Sources */ = {isa = PBXBuildFile; fileRef = C5C3DF1329DD466E00E867BF /* 다익스트라.swift */; };
		C5C3DF1629DD493E00E867BF /* 플로이드 워셜.swift in Sources */ = {isa = PBXBuildFile; fileRef = C5C3DF1529DD493E00E867BF /* 플로이드 워셜.swift */; };
		C5C3DF1829DD5A5C00E867BF /* 서로소 집합 알고리즘.swift in Sources */ = {isa = PBXBuildFile; fileRef = C5C3DF1729DD5A5C00E867BF /* 서로소 집합 알고리즘.swift */; };
		C5C3DF1A29DD733C00E867BF /* 서로소 집합을 활용한 사이클 판별 알고리즘.swift in Sources */ = {isa = PBXBuildFile; fileRef = C5C3DF1929DD733C00E867BF /* 서로소 집합을 활용한 사이클 판별 알고리즘.swift */; };
		C5DEE9D329D48996000DB011 /* 3.숫자 카드 게임.swift in Sources */ = {isa = PBXBuildFile; fileRef = C5DEE9D229D48996000DB011 /* 3.숫자 카드 게임.swift */; };
		C5DEE9D529D490D2000DB011 /* 4.1이 될 때 까지.swift in Sources */ = {isa = PBXBuildFile; fileRef = C5DEE9D429D490D2000DB011 /* 4.1이 될 때 까지.swift */; };
/* End PBXBuildFile section */

/* Begin PBXCopyFilesBuildPhase section */
		C5DEE9C129D451B6000DB011 /* CopyFiles */ = {
			isa = PBXCopyFilesBuildPhase;
			buildActionMask = 2147483647;
			dstPath = /usr/share/man/man1/;
			dstSubfolderSpec = 0;
			files = (
			);
			runOnlyForDeploymentPostprocessing = 1;
		};
/* End PBXCopyFilesBuildPhase section */

/* Begin PBXFileReference section */
		C5027EDA29D957940041C2E2 /* 3.성적이 낮은 순서로 학생 출력하기.swift */ = {isa = PBXFileReference; lastKnownFileType = sourcecode.swift; path = "3.성적이 낮은 순서로 학생 출력하기.swift"; sourceTree = "<group>"; };
		C512F8142A0B8F4300E0E92E /* main.swift */ = {isa = PBXFileReference; lastKnownFileType = sourcecode.swift; path = main.swift; sourceTree = "<group>"; };
		C5149F8B29D5586200A95205 /* 예제.swift */ = {isa = PBXFileReference; lastKnownFileType = sourcecode.swift; path = "예제.swift"; sourceTree = "<group>"; };
		C5149F8D29D5650300A95205 /* 2.왕실의 나이트.swift */ = {isa = PBXFileReference; lastKnownFileType = sourcecode.swift; path = "2.왕실의 나이트.swift"; sourceTree = "<group>"; };
		C5149FB029D8281400A95205 /* 3.게임개발.swift */ = {isa = PBXFileReference; lastKnownFileType = sourcecode.swift; path = "3.게임개발.swift"; sourceTree = "<group>"; };
		C53A756B29E82206008FD24A /* 방번호(구현).swift */ = {isa = PBXFileReference; lastKnownFileType = sourcecode.swift; path = "방번호(구현).swift"; sourceTree = "<group>"; };
		C544AE1D29D85DCB00663190 /* 3.음료수 얼려먹기.swift */ = {isa = PBXFileReference; lastKnownFileType = sourcecode.swift; path = "3.음료수 얼려먹기.swift"; sourceTree = "<group>"; };
		C544AE1F29D875A500663190 /* 4.미로탈출.swift */ = {isa = PBXFileReference; lastKnownFileType = sourcecode.swift; path = "4.미로탈출.swift"; sourceTree = "<group>"; };
		C544AE2229D92B2C00663190 /* 2.위에서 아래로.swift */ = {isa = PBXFileReference; lastKnownFileType = sourcecode.swift; path = "2.위에서 아래로.swift"; sourceTree = "<group>"; };
		C544AE2429D94F9300663190 /* test2.playground */ = {isa = PBXFileReference; lastKnownFileType = file.playground; path = test2.playground; sourceTree = "<group>"; xcLanguageSpecificationIdentifier = xcode.lang.swift; };
		C58F1A7729DD778B0070882B /* 크루스칼 알고리즘.swift */ = {isa = PBXFileReference; lastKnownFileType = sourcecode.swift; path = "크루스칼 알고리즘.swift"; sourceTree = "<group>"; };
		C58F1A7929DD8B1C0070882B /* 위상정렬.swift */ = {isa = PBXFileReference; lastKnownFileType = sourcecode.swift; path = "위상정렬.swift"; sourceTree = "<group>"; };
		C58F1A9229E1B8540070882B /* 3.개미 전사.swift */ = {isa = PBXFileReference; lastKnownFileType = sourcecode.swift; path = "3.개미 전사.swift"; sourceTree = "<group>"; };
		C58F1A9429E1C0360070882B /* 4.바닥공사.swift */ = {isa = PBXFileReference; lastKnownFileType = sourcecode.swift; path = "4.바닥공사.swift"; sourceTree = "<group>"; };
		C58F1A9629E400100070882B /* 5.효율적인 화폐 구성.swift */ = {isa = PBXFileReference; lastKnownFileType = sourcecode.swift; path = "5.효율적인 화폐 구성.swift"; sourceTree = "<group>"; };
		C58F1A9A29E572E30070882B /* 그리디 문제.playground */ = {isa = PBXFileReference; lastKnownFileType = file.playground; path = "그리디 문제.playground"; sourceTree = "<group>"; xcLanguageSpecificationIdentifier = xcode.lang.swift; };
		C58F1A9D29E587330070882B /* 기출)문자열 뒤집기.swift */ = {isa = PBXFileReference; lastKnownFileType = sourcecode.swift; path = "기출)문자열 뒤집기.swift"; sourceTree = "<group>"; };
		C58F1A9F29E686570070882B /* 구현 문제.playground */ = {isa = PBXFileReference; lastKnownFileType = file.playground; path = "구현 문제.playground"; sourceTree = "<group>"; xcLanguageSpecificationIdentifier = xcode.lang.swift; };
		C58F1AA229E6A8C90070882B /* 23.국영수.swift */ = {isa = PBXFileReference; lastKnownFileType = sourcecode.swift; path = "23.국영수.swift"; sourceTree = "<group>"; };
		C58F1AA429E6AECB0070882B /* 24.안테나.swift */ = {isa = PBXFileReference; lastKnownFileType = sourcecode.swift; path = "24.안테나.swift"; sourceTree = "<group>"; };
		C58F1AA629E6D06A0070882B /* 정렬.playground */ = {isa = PBXFileReference; lastKnownFileType = file.playground; path = "정렬.playground"; sourceTree = "<group>"; xcLanguageSpecificationIdentifier = xcode.lang.swift; };
		C58F1AA729E6DABF0070882B /* DFS.BFS.playground */ = {isa = PBXFileReference; lastKnownFileType = file.playground; path = DFS.BFS.playground; sourceTree = "<group>"; xcLanguageSpecificationIdentifier = xcode.lang.swift; };
		C58F1AA829E6DDC80070882B /* 15. 특정 거리의 도시 찾기.swift */ = {isa = PBXFileReference; lastKnownFileType = sourcecode.swift; path = "15. 특정 거리의 도시 찾기.swift"; sourceTree = "<group>"; };
		C5AA8D6B29D96E5600B22329 /* 4.두 배열의 원소 교체.swift */ = {isa = PBXFileReference; lastKnownFileType = sourcecode.swift; path = "4.두 배열의 원소 교체.swift"; sourceTree = "<group>"; };
		C5AA8D9329D9DD9700B22329 /* 이진탐색예제.swift */ = {isa = PBXFileReference; lastKnownFileType = sourcecode.swift; path = "이진탐색예제.swift"; sourceTree = "<group>"; };
		C5AA8D9529DA8F6800B22329 /* 2.부품찾기.swift */ = {isa = PBXFileReference; lastKnownFileType = sourcecode.swift; path = "2.부품찾기.swift"; sourceTree = "<group>"; };
		C5C3DF0429DA94DB00E867BF /* 3.떡볶이 떡 만들기.swift */ = {isa = PBXFileReference; lastKnownFileType = sourcecode.swift; path = "3.떡볶이 떡 만들기.swift"; sourceTree = "<group>"; };
		C5C3DF0629DAA49600E867BF /* 3.떡볶이 떡 만들기(책).swift */ = {isa = PBXFileReference; lastKnownFileType = sourcecode.swift; path = "3.떡볶이 떡 만들기(책).swift"; sourceTree = "<group>"; };
		C5C3DF0929DAB99800E867BF /* 2.1로 만들기.swift */ = {isa = PBXFileReference; lastKnownFileType = sourcecode.swift; path = "2.1로 만들기.swift"; sourceTree = "<group>"; };
		C5C3DF0B29DABB8000E867BF /* 간단한 다익스트라.swift */ = {isa = PBXFileReference; lastKnownFileType = sourcecode.swift; path = "간단한 다익스트라.swift"; sourceTree = "<group>"; };
		C5C3DF1229DC432800E867BF /* 최단경로.playground */ = {isa = PBXFileReference; lastKnownFileType = file.playground; path = "최단경로.playground"; sourceTree = "<group>"; xcLanguageSpecificationIdentifier = xcode.lang.swift; };
		C5C3DF1329DD466E00E867BF /* 다익스트라.swift */ = {isa = PBXFileReference; lastKnownFileType = sourcecode.swift; path = "다익스트라.swift"; sourceTree = "<group>"; };
		C5C3DF1529DD493E00E867BF /* 플로이드 워셜.swift */ = {isa = PBXFileReference; lastKnownFileType = sourcecode.swift; path = "플로이드 워셜.swift"; sourceTree = "<group>"; };
		C5C3DF1729DD5A5C00E867BF /* 서로소 집합 알고리즘.swift */ = {isa = PBXFileReference; lastKnownFileType = sourcecode.swift; path = "서로소 집합 알고리즘.swift"; sourceTree = "<group>"; };
		C5C3DF1929DD733C00E867BF /* 서로소 집합을 활용한 사이클 판별 알고리즘.swift */ = {isa = PBXFileReference; lastKnownFileType = sourcecode.swift; path = "서로소 집합을 활용한 사이클 판별 알고리즘.swift"; sourceTree = "<group>"; };
		C5DEE9C329D451B6000DB011 /* 이것이코딩테스트 */ = {isa = PBXFileReference; explicitFileType = "compiled.mach-o.executable"; includeInIndex = 0; path = "이것이코딩테스트"; sourceTree = BUILT_PRODUCTS_DIR; };
		C5DEE9CD29D4527D000DB011 /* Test.playground */ = {isa = PBXFileReference; lastKnownFileType = file.playground; path = Test.playground; sourceTree = "<group>"; xcLanguageSpecificationIdentifier = xcode.lang.swift; };
		C5DEE9D229D48996000DB011 /* 3.숫자 카드 게임.swift */ = {isa = PBXFileReference; lastKnownFileType = sourcecode.swift; path = "3.숫자 카드 게임.swift"; sourceTree = "<group>"; };
		C5DEE9D429D490D2000DB011 /* 4.1이 될 때 까지.swift */ = {isa = PBXFileReference; lastKnownFileType = sourcecode.swift; path = "4.1이 될 때 까지.swift"; sourceTree = "<group>"; };
/* End PBXFileReference section */

/* Begin PBXFrameworksBuildPhase section */
		C5DEE9C029D451B6000DB011 /* Frameworks */ = {
			isa = PBXFrameworksBuildPhase;
			buildActionMask = 2147483647;
			files = (
			);
			runOnlyForDeploymentPostprocessing = 0;
		};
/* End PBXFrameworksBuildPhase section */

/* Begin PBXGroup section */
		C5149F8A29D5584B00A95205 /* 구현 */ = {
			isa = PBXGroup;
			children = (
				C5149F8B29D5586200A95205 /* 예제.swift */,
				C5149F8D29D5650300A95205 /* 2.왕실의 나이트.swift */,
				C5149FB029D8281400A95205 /* 3.게임개발.swift */,
				C58F1A9F29E686570070882B /* 구현 문제.playground */,
			);
			name = "구현";
			path = "구현";
			sourceTree = "<group>";
		};
		C544AE1C29D85DA700663190 /* DFS&BFS */ = {
			isa = PBXGroup;
			children = (
				C544AE1D29D85DCB00663190 /* 3.음료수 얼려먹기.swift */,
				C544AE1F29D875A500663190 /* 4.미로탈출.swift */,
				C58F1AA829E6DDC80070882B /* 15. 특정 거리의 도시 찾기.swift */,
				C53A756B29E82206008FD24A /* 방번호(구현).swift */,
				C58F1AA729E6DABF0070882B /* DFS.BFS.playground */,
			);
			path = "DFS&BFS";
			sourceTree = "<group>";
		};
		C544AE2129D92B1900663190 /* 정렬 */ = {
			isa = PBXGroup;
			children = (
				C544AE2229D92B2C00663190 /* 2.위에서 아래로.swift */,
				C5027EDA29D957940041C2E2 /* 3.성적이 낮은 순서로 학생 출력하기.swift */,
				C5AA8D6B29D96E5600B22329 /* 4.두 배열의 원소 교체.swift */,
				C58F1AA229E6A8C90070882B /* 23.국영수.swift */,
				C58F1AA429E6AECB0070882B /* 24.안테나.swift */,
				C58F1AA629E6D06A0070882B /* 정렬.playground */,
			);
			name = "정렬";
			path = "정렬";
			sourceTree = "<group>";
		};
		C5AA8D9229D9DD7C00B22329 /* 이진탐색 */ = {
			isa = PBXGroup;
			children = (
				C5AA8D9329D9DD9700B22329 /* 이진탐색예제.swift */,
				C5AA8D9529DA8F6800B22329 /* 2.부품찾기.swift */,
				C5C3DF0429DA94DB00E867BF /* 3.떡볶이 떡 만들기.swift */,
				C5C3DF0629DAA49600E867BF /* 3.떡볶이 떡 만들기(책).swift */,
			);
			name = "이진탐색";
			path = "이진탐색";
			sourceTree = "<group>";
		};
		C5C3DF0829DAA81300E867BF /* 다이나믹 프로그래밍 */ = {
			isa = PBXGroup;
			children = (
				C5C3DF0929DAB99800E867BF /* 2.1로 만들기.swift */,
				C58F1A9229E1B8540070882B /* 3.개미 전사.swift */,
				C58F1A9429E1C0360070882B /* 4.바닥공사.swift */,
				C58F1A9629E400100070882B /* 5.효율적인 화폐 구성.swift */,
			);
			name = "다이나믹 프로그래밍";
			path = "다이나믹 프로그래밍";
			sourceTree = "<group>";
		};
		C5C3DF1029DC3A3300E867BF /* 최단 경로 */ = {
			isa = PBXGroup;
			children = (
				C5C3DF1229DC432800E867BF /* 최단경로.playground */,
				C5C3DF0B29DABB8000E867BF /* 간단한 다익스트라.swift */,
				C5C3DF1329DD466E00E867BF /* 다익스트라.swift */,
				C5C3DF1529DD493E00E867BF /* 플로이드 워셜.swift */,
			);
			name = "최단 경로";
			path = "최단 경로";
			sourceTree = "<group>";
		};
		C5C3DF1129DC3A3C00E867BF /* 그래프 이론 */ = {
			isa = PBXGroup;
			children = (
				C5C3DF1729DD5A5C00E867BF /* 서로소 집합 알고리즘.swift */,
				C5C3DF1929DD733C00E867BF /* 서로소 집합을 활용한 사이클 판별 알고리즘.swift */,
				C58F1A7729DD778B0070882B /* 크루스칼 알고리즘.swift */,
				C58F1A7929DD8B1C0070882B /* 위상정렬.swift */,
			);
			name = "그래프 이론";
			path = "그래프 이론";
			sourceTree = "<group>";
		};
		C5DEE9BA29D451B6000DB011 = {
			isa = PBXGroup;
			children = (
				C512F8142A0B8F4300E0E92E /* main.swift */,
				C5DEE9C529D451B6000DB011 /* 이것이코딩테스트 */,
				C5DEE9C429D451B6000DB011 /* Products */,
			);
			sourceTree = "<group>";
		};
		C5DEE9C429D451B6000DB011 /* Products */ = {
			isa = PBXGroup;
			children = (
				C5DEE9C329D451B6000DB011 /* 이것이코딩테스트 */,
			);
			name = Products;
			sourceTree = "<group>";
		};
		C5DEE9C529D451B6000DB011 /* 이것이코딩테스트 */ = {
			isa = PBXGroup;
			children = (
				C5C3DF1129DC3A3C00E867BF /* 그래프 이론 */,
				C5C3DF1029DC3A3300E867BF /* 최단 경로 */,
				C5C3DF0829DAA81300E867BF /* 다이나믹 프로그래밍 */,
				C5AA8D9229D9DD7C00B22329 /* 이진탐색 */,
				C544AE2129D92B1900663190 /* 정렬 */,
				C544AE1C29D85DA700663190 /* DFS&BFS */,
				C5149F8A29D5584B00A95205 /* 구현 */,
				C5DEE9D129D4893A000DB011 /* 그리디 */,
				C5DEE9CD29D4527D000DB011 /* Test.playground */,
				C544AE2429D94F9300663190 /* test2.playground */,
			);
			path = "이것이코딩테스트";
			sourceTree = "<group>";
		};
		C5DEE9D129D4893A000DB011 /* 그리디 */ = {
			isa = PBXGroup;
			children = (
				C58F1A9D29E587330070882B /* 기출)문자열 뒤집기.swift */,
				C5DEE9D229D48996000DB011 /* 3.숫자 카드 게임.swift */,
				C5DEE9D429D490D2000DB011 /* 4.1이 될 때 까지.swift */,
				C58F1A9A29E572E30070882B /* 그리디 문제.playground */,
			);
			name = "그리디";
			path = "그리디";
			sourceTree = "<group>";
		};
/* End PBXGroup section */

/* Begin PBXNativeTarget section */
		C5DEE9C229D451B6000DB011 /* 이것이코딩테스트 */ = {
			isa = PBXNativeTarget;
			buildConfigurationList = C5DEE9CA29D451B6000DB011 /* Build configuration list for PBXNativeTarget "이것이코딩테스트" */;
			buildPhases = (
				C5DEE9BF29D451B6000DB011 /* Sources */,
				C5DEE9C029D451B6000DB011 /* Frameworks */,
				C5DEE9C129D451B6000DB011 /* CopyFiles */,
			);
			buildRules = (
			);
			dependencies = (
			);
			name = "이것이코딩테스트";
			productName = "이것이코딩테스트";
			productReference = C5DEE9C329D451B6000DB011 /* 이것이코딩테스트 */;
			productType = "com.apple.product-type.tool";
		};
/* End PBXNativeTarget section */

/* Begin PBXProject section */
		C5DEE9BB29D451B6000DB011 /* Project object */ = {
			isa = PBXProject;
			attributes = {
				BuildIndependentTargetsInParallel = 1;
				LastSwiftUpdateCheck = 1420;
				LastUpgradeCheck = 1420;
				TargetAttributes = {
					C5DEE9C229D451B6000DB011 = {
						CreatedOnToolsVersion = 14.2;
						LastSwiftMigration = 1420;
					};
				};
			};
			buildConfigurationList = C5DEE9BE29D451B6000DB011 /* Build configuration list for PBXProject "이것이코딩테스트" */;
			compatibilityVersion = "Xcode 14.0";
			developmentRegion = en;
			hasScannedForEncodings = 0;
			knownRegions = (
				en,
				Base,
			);
			mainGroup = C5DEE9BA29D451B6000DB011;
			productRefGroup = C5DEE9C429D451B6000DB011 /* Products */;
			projectDirPath = "";
			projectRoot = "";
			targets = (
				C5DEE9C229D451B6000DB011 /* 이것이코딩테스트 */,
			);
		};
/* End PBXProject section */

/* Begin PBXSourcesBuildPhase section */
		C5DEE9BF29D451B6000DB011 /* Sources */ = {
			isa = PBXSourcesBuildPhase;
			buildActionMask = 2147483647;
			files = (
				C5DEE9D329D48996000DB011 /* 3.숫자 카드 게임.swift in Sources */,
				C544AE1E29D85DCB00663190 /* 3.음료수 얼려먹기.swift in Sources */,
				C58F1A9329E1B8540070882B /* 3.개미 전사.swift in Sources */,
				C58F1A7A29DD8B1C0070882B /* 위상정렬.swift in Sources */,
				C5C3DF1429DD466E00E867BF /* 다익스트라.swift in Sources */,
				C5C3DF0C29DABB8000E867BF /* 간단한 다익스트라.swift in Sources */,
				C5AA8D9429D9DD9700B22329 /* 이진탐색예제.swift in Sources */,
				C544AE2329D92B2C00663190 /* 2.위에서 아래로.swift in Sources */,
				C58F1AA929E6DDC80070882B /* 15. 특정 거리의 도시 찾기.swift in Sources */,
				C5C3DF1829DD5A5C00E867BF /* 서로소 집합 알고리즘.swift in Sources */,
				C544AE2029D875A500663190 /* 4.미로탈출.swift in Sources */,
				C5C3DF1A29DD733C00E867BF /* 서로소 집합을 활용한 사이클 판별 알고리즘.swift in Sources */,
				C512F8152A0B8F4300E0E92E /* main.swift in Sources */,
				C58F1AA329E6A8C90070882B /* 23.국영수.swift in Sources */,
				C5149F8E29D5650300A95205 /* 2.왕실의 나이트.swift in Sources */,
				C5027EDB29D957940041C2E2 /* 3.성적이 낮은 순서로 학생 출력하기.swift in Sources */,
				C58F1A9729E400100070882B /* 5.효율적인 화폐 구성.swift in Sources */,
				C58F1A9E29E587330070882B /* 기출)문자열 뒤집기.swift in Sources */,
				C5C3DF0529DA94DB00E867BF /* 3.떡볶이 떡 만들기.swift in Sources */,
				C5AA8D9629DA8F6800B22329 /* 2.부품찾기.swift in Sources */,
				C58F1A9529E1C0360070882B /* 4.바닥공사.swift in Sources */,
				C5C3DF0A29DAB99800E867BF /* 2.1로 만들기.swift in Sources */,
				C5AA8D6C29D96E5600B22329 /* 4.두 배열의 원소 교체.swift in Sources */,
				C5C3DF0729DAA49600E867BF /* 3.떡볶이 떡 만들기(책).swift in Sources */,
				C58F1AA529E6AECB0070882B /* 24.안테나.swift in Sources */,
				C5C3DF1629DD493E00E867BF /* 플로이드 워셜.swift in Sources */,
				C58F1A7829DD778B0070882B /* 크루스칼 알고리즘.swift in Sources */,
				C53A756C29E82206008FD24A /* 방번호(구현).swift in Sources */,
				C5149F8C29D5586200A95205 /* 예제.swift in Sources */,
				C5149FB129D8281400A95205 /* 3.게임개발.swift in Sources */,
				C5DEE9D529D490D2000DB011 /* 4.1이 될 때 까지.swift in Sources */,
			);
			runOnlyForDeploymentPostprocessing = 0;
		};
/* End PBXSourcesBuildPhase section */

/* Begin XCBuildConfiguration section */
		C5DEE9C829D451B6000DB011 /* Debug */ = {
			isa = XCBuildConfiguration;
			buildSettings = {
				ALWAYS_SEARCH_USER_PATHS = NO;
				CLANG_ANALYZER_NONNULL = YES;
				CLANG_ANALYZER_NUMBER_OBJECT_CONVERSION = YES_AGGRESSIVE;
				CLANG_CXX_LANGUAGE_STANDARD = "gnu++20";
				CLANG_ENABLE_MODULES = YES;
				CLANG_ENABLE_OBJC_ARC = YES;
				CLANG_ENABLE_OBJC_WEAK = YES;
				CLANG_WARN_BLOCK_CAPTURE_AUTORELEASING = YES;
				CLANG_WARN_BOOL_CONVERSION = YES;
				CLANG_WARN_COMMA = YES;
				CLANG_WARN_CONSTANT_CONVERSION = YES;
				CLANG_WARN_DEPRECATED_OBJC_IMPLEMENTATIONS = YES;
				CLANG_WARN_DIRECT_OBJC_ISA_USAGE = YES_ERROR;
				CLANG_WARN_DOCUMENTATION_COMMENTS = YES;
				CLANG_WARN_EMPTY_BODY = YES;
				CLANG_WARN_ENUM_CONVERSION = YES;
				CLANG_WARN_INFINITE_RECURSION = YES;
				CLANG_WARN_INT_CONVERSION = YES;
				CLANG_WARN_NON_LITERAL_NULL_CONVERSION = YES;
				CLANG_WARN_OBJC_IMPLICIT_RETAIN_SELF = YES;
				CLANG_WARN_OBJC_LITERAL_CONVERSION = YES;
				CLANG_WARN_OBJC_ROOT_CLASS = YES_ERROR;
				CLANG_WARN_QUOTED_INCLUDE_IN_FRAMEWORK_HEADER = YES;
				CLANG_WARN_RANGE_LOOP_ANALYSIS = YES;
				CLANG_WARN_STRICT_PROTOTYPES = YES;
				CLANG_WARN_SUSPICIOUS_MOVE = YES;
				CLANG_WARN_UNGUARDED_AVAILABILITY = YES_AGGRESSIVE;
				CLANG_WARN_UNREACHABLE_CODE = YES;
				CLANG_WARN__DUPLICATE_METHOD_MATCH = YES;
				COPY_PHASE_STRIP = NO;
				DEBUG_INFORMATION_FORMAT = dwarf;
				ENABLE_STRICT_OBJC_MSGSEND = YES;
				ENABLE_TESTABILITY = YES;
				GCC_C_LANGUAGE_STANDARD = gnu11;
				GCC_DYNAMIC_NO_PIC = NO;
				GCC_NO_COMMON_BLOCKS = YES;
				GCC_OPTIMIZATION_LEVEL = 0;
				GCC_PREPROCESSOR_DEFINITIONS = (
					"DEBUG=1",
					"$(inherited)",
				);
				GCC_WARN_64_TO_32_BIT_CONVERSION = YES;
				GCC_WARN_ABOUT_RETURN_TYPE = YES_ERROR;
				GCC_WARN_UNDECLARED_SELECTOR = YES;
				GCC_WARN_UNINITIALIZED_AUTOS = YES_AGGRESSIVE;
				GCC_WARN_UNUSED_FUNCTION = YES;
				GCC_WARN_UNUSED_VARIABLE = YES;
				MACOSX_DEPLOYMENT_TARGET = 13.1;
				MTL_ENABLE_DEBUG_INFO = INCLUDE_SOURCE;
				MTL_FAST_MATH = YES;
				ONLY_ACTIVE_ARCH = YES;
				SDKROOT = macosx;
				SWIFT_ACTIVE_COMPILATION_CONDITIONS = DEBUG;
				SWIFT_OPTIMIZATION_LEVEL = "-Onone";
			};
			name = Debug;
		};
		C5DEE9C929D451B6000DB011 /* Release */ = {
			isa = XCBuildConfiguration;
			buildSettings = {
				ALWAYS_SEARCH_USER_PATHS = NO;
				CLANG_ANALYZER_NONNULL = YES;
				CLANG_ANALYZER_NUMBER_OBJECT_CONVERSION = YES_AGGRESSIVE;
				CLANG_CXX_LANGUAGE_STANDARD = "gnu++20";
				CLANG_ENABLE_MODULES = YES;
				CLANG_ENABLE_OBJC_ARC = YES;
				CLANG_ENABLE_OBJC_WEAK = YES;
				CLANG_WARN_BLOCK_CAPTURE_AUTORELEASING = YES;
				CLANG_WARN_BOOL_CONVERSION = YES;
				CLANG_WARN_COMMA = YES;
				CLANG_WARN_CONSTANT_CONVERSION = YES;
				CLANG_WARN_DEPRECATED_OBJC_IMPLEMENTATIONS = YES;
				CLANG_WARN_DIRECT_OBJC_ISA_USAGE = YES_ERROR;
				CLANG_WARN_DOCUMENTATION_COMMENTS = YES;
				CLANG_WARN_EMPTY_BODY = YES;
				CLANG_WARN_ENUM_CONVERSION = YES;
				CLANG_WARN_INFINITE_RECURSION = YES;
				CLANG_WARN_INT_CONVERSION = YES;
				CLANG_WARN_NON_LITERAL_NULL_CONVERSION = YES;
				CLANG_WARN_OBJC_IMPLICIT_RETAIN_SELF = YES;
				CLANG_WARN_OBJC_LITERAL_CONVERSION = YES;
				CLANG_WARN_OBJC_ROOT_CLASS = YES_ERROR;
				CLANG_WARN_QUOTED_INCLUDE_IN_FRAMEWORK_HEADER = YES;
				CLANG_WARN_RANGE_LOOP_ANALYSIS = YES;
				CLANG_WARN_STRICT_PROTOTYPES = YES;
				CLANG_WARN_SUSPICIOUS_MOVE = YES;
				CLANG_WARN_UNGUARDED_AVAILABILITY = YES_AGGRESSIVE;
				CLANG_WARN_UNREACHABLE_CODE = YES;
				CLANG_WARN__DUPLICATE_METHOD_MATCH = YES;
				COPY_PHASE_STRIP = NO;
				DEBUG_INFORMATION_FORMAT = "dwarf-with-dsym";
				ENABLE_NS_ASSERTIONS = NO;
				ENABLE_STRICT_OBJC_MSGSEND = YES;
				GCC_C_LANGUAGE_STANDARD = gnu11;
				GCC_NO_COMMON_BLOCKS = YES;
				GCC_WARN_64_TO_32_BIT_CONVERSION = YES;
				GCC_WARN_ABOUT_RETURN_TYPE = YES_ERROR;
				GCC_WARN_UNDECLARED_SELECTOR = YES;
				GCC_WARN_UNINITIALIZED_AUTOS = YES_AGGRESSIVE;
				GCC_WARN_UNUSED_FUNCTION = YES;
				GCC_WARN_UNUSED_VARIABLE = YES;
				MACOSX_DEPLOYMENT_TARGET = 13.1;
				MTL_ENABLE_DEBUG_INFO = NO;
				MTL_FAST_MATH = YES;
				SDKROOT = macosx;
				SWIFT_COMPILATION_MODE = wholemodule;
				SWIFT_OPTIMIZATION_LEVEL = "-O";
			};
			name = Release;
		};
		C5DEE9CB29D451B6000DB011 /* Debug */ = {
			isa = XCBuildConfiguration;
			buildSettings = {
				CLANG_ENABLE_MODULES = YES;
				"CODE_SIGN_IDENTITY[sdk=macosx*]" = "-";
				CODE_SIGN_STYLE = Automatic;
				DEVELOPMENT_TEAM = C4K2HXA435;
				ENABLE_HARDENED_RUNTIME = YES;
				LD_RUNPATH_SEARCH_PATHS = (
					"$(inherited)",
					"@executable_path/../Frameworks",
					"@loader_path/../Frameworks",
				);
				PRODUCT_NAME = "$(TARGET_NAME)";
				SWIFT_OPTIMIZATION_LEVEL = "-Onone";
				SWIFT_VERSION = 5.0;
			};
			name = Debug;
		};
		C5DEE9CC29D451B6000DB011 /* Release */ = {
			isa = XCBuildConfiguration;
			buildSettings = {
				CLANG_ENABLE_MODULES = YES;
				"CODE_SIGN_IDENTITY[sdk=macosx*]" = "-";
				CODE_SIGN_STYLE = Automatic;
				DEVELOPMENT_TEAM = C4K2HXA435;
				ENABLE_HARDENED_RUNTIME = YES;
				LD_RUNPATH_SEARCH_PATHS = (
					"$(inherited)",
					"@executable_path/../Frameworks",
					"@loader_path/../Frameworks",
				);
				PRODUCT_NAME = "$(TARGET_NAME)";
				SWIFT_VERSION = 5.0;
			};
			name = Release;
		};
/* End XCBuildConfiguration section */

/* Begin XCConfigurationList section */
		C5DEE9BE29D451B6000DB011 /* Build configuration list for PBXProject "이것이코딩테스트" */ = {
			isa = XCConfigurationList;
			buildConfigurations = (
				C5DEE9C829D451B6000DB011 /* Debug */,
				C5DEE9C929D451B6000DB011 /* Release */,
			);
			defaultConfigurationIsVisible = 0;
			defaultConfigurationName = Release;
		};
		C5DEE9CA29D451B6000DB011 /* Build configuration list for PBXNativeTarget "이것이코딩테스트" */ = {
			isa = XCConfigurationList;
			buildConfigurations = (
				C5DEE9CB29D451B6000DB011 /* Debug */,
				C5DEE9CC29D451B6000DB011 /* Release */,
			);
			defaultConfigurationIsVisible = 0;
			defaultConfigurationName = Release;
		};
/* End XCConfigurationList section */
	};
	rootObject = C5DEE9BB29D451B6000DB011 /* Project object */;
}
